
Microsoft Visual Studio Solution File, Format Version 12.00
# Visual Studio Version 17
VisualStudioVersion = 17.0.31903.59
MinimumVisualStudioVersion = 10.0.40219.1
Project("{2150E333-8FDC-42A3-9474-1A3956D46DE8}") = "src", "src", "{827E0CD3-B72D-47B6-A68D-7590B98EB39B}"
EndProject
Project("{2150E333-8FDC-42A3-9474-1A3956D46DE8}") = "api", "api", "{81034408-37C8-1011-444E-4C15C2FADA8E}"
EndProject
Project("{FAE04EC0-301F-11D3-BF4B-00C04F79EFBC}") = "Suppliers.Api", "src\api\Suppliers.Api\Suppliers.Api.csproj", "{3D7B36FB-649F-4F46-A0FE-D0CFD63B3D2C}"
EndProject
Project("{FAE04EC0-301F-11D3-BF4B-00C04F79EFBC}") = "Suppliers.Application", "src\api\Suppliers.Application\Suppliers.Application.csproj", "{FA542AD0-3A86-4F0C-8246-8767238D9638}"
EndProject
Project("{FAE04EC0-301F-11D3-BF4B-00C04F79EFBC}") = "Suppliers.Domain", "src\api\Suppliers.Domain\Suppliers.Domain.csproj", "{9FC2CD6E-48A3-4AD9-A310-42CF9C31BB9A}"
EndProject
Project("{FAE04EC0-301F-11D3-BF4B-00C04F79EFBC}") = "Suppliers.Infrastructure", "src\api\Suppliers.Infrastructure\Suppliers.Infrastructure.csproj", "{92053420-65A1-469D-AE50-E5FCB6665EC9}"
EndProject
Project("{2150E333-8FDC-42A3-9474-1A3956D46DE8}") = "tests", "tests", "{0AB3BF05-4346-4AA6-1389-037BE0695223}"
EndProject
Project("{FAE04EC0-301F-11D3-BF4B-00C04F79EFBC}") = "Suppliers.IntegrationTests", "tests\Suppliers.IntegrationTests\Suppliers.IntegrationTests.csproj", "{4385E249-41F6-48BE-A29A-583960E3DA14}"
EndProject
Project("{FAE04EC0-301F-11D3-BF4B-00C04F79EFBC}") = "Suppliers.UnitTests", "tests\Suppliers.UnitTests\Suppliers.UnitTests.csproj", "{89774D76-5606-413F-BD50-CEA1778FA6F1}"
EndProject
Global
	GlobalSection(SolutionConfigurationPlatforms) = preSolution
		Debug|Any CPU = Debug|Any CPU
		Debug|x64 = Debug|x64
		Debug|x86 = Debug|x86
		Release|Any CPU = Release|Any CPU
		Release|x64 = Release|x64
		Release|x86 = Release|x86
	EndGlobalSection
	GlobalSection(ProjectConfigurationPlatforms) = postSolution
		{3D7B36FB-649F-4F46-A0FE-D0CFD63B3D2C}.Debug|Any CPU.ActiveCfg = Debug|Any CPU
		{3D7B36FB-649F-4F46-A0FE-D0CFD63B3D2C}.Debug|Any CPU.Build.0 = Debug|Any CPU
		{3D7B36FB-649F-4F46-A0FE-D0CFD63B3D2C}.Debug|x64.ActiveCfg = Debug|Any CPU
		{3D7B36FB-649F-4F46-A0FE-D0CFD63B3D2C}.Debug|x64.Build.0 = Debug|Any CPU
		{3D7B36FB-649F-4F46-A0FE-D0CFD63B3D2C}.Debug|x86.ActiveCfg = Debug|Any CPU
		{3D7B36FB-649F-4F46-A0FE-D0CFD63B3D2C}.Debug|x86.Build.0 = Debug|Any CPU
		{3D7B36FB-649F-4F46-A0FE-D0CFD63B3D2C}.Release|Any CPU.ActiveCfg = Release|Any CPU
		{3D7B36FB-649F-4F46-A0FE-D0CFD63B3D2C}.Release|Any CPU.Build.0 = Release|Any CPU
		{3D7B36FB-649F-4F46-A0FE-D0CFD63B3D2C}.Release|x64.ActiveCfg = Release|Any CPU
		{3D7B36FB-649F-4F46-A0FE-D0CFD63B3D2C}.Release|x64.Build.0 = Release|Any CPU
		{3D7B36FB-649F-4F46-A0FE-D0CFD63B3D2C}.Release|x86.ActiveCfg = Release|Any CPU
		{3D7B36FB-649F-4F46-A0FE-D0CFD63B3D2C}.Release|x86.Build.0 = Release|Any CPU
		{FA542AD0-3A86-4F0C-8246-8767238D9638}.Debug|Any CPU.ActiveCfg = Debug|Any CPU
		{FA542AD0-3A86-4F0C-8246-8767238D9638}.Debug|Any CPU.Build.0 = Debug|Any CPU
		{FA542AD0-3A86-4F0C-8246-8767238D9638}.Debug|x64.ActiveCfg = Debug|Any CPU
		{FA542AD0-3A86-4F0C-8246-8767238D9638}.Debug|x64.Build.0 = Debug|Any CPU
		{FA542AD0-3A86-4F0C-8246-8767238D9638}.Debug|x86.ActiveCfg = Debug|Any CPU
		{FA542AD0-3A86-4F0C-8246-8767238D9638}.Debug|x86.Build.0 = Debug|Any CPU
		{FA542AD0-3A86-4F0C-8246-8767238D9638}.Release|Any CPU.ActiveCfg = Release|Any CPU
		{FA542AD0-3A86-4F0C-8246-8767238D9638}.Release|Any CPU.Build.0 = Release|Any CPU
		{FA542AD0-3A86-4F0C-8246-8767238D9638}.Release|x64.ActiveCfg = Release|Any CPU
		{FA542AD0-3A86-4F0C-8246-8767238D9638}.Release|x64.Build.0 = Release|Any CPU
		{FA542AD0-3A86-4F0C-8246-8767238D9638}.Release|x86.ActiveCfg = Release|Any CPU
		{FA542AD0-3A86-4F0C-8246-8767238D9638}.Release|x86.Build.0 = Release|Any CPU
		{9FC2CD6E-48A3-4AD9-A310-42CF9C31BB9A}.Debug|Any CPU.ActiveCfg = Debug|Any CPU
		{9FC2CD6E-48A3-4AD9-A310-42CF9C31BB9A}.Debug|Any CPU.Build.0 = Debug|Any CPU
		{9FC2CD6E-48A3-4AD9-A310-42CF9C31BB9A}.Debug|x64.ActiveCfg = Debug|Any CPU
		{9FC2CD6E-48A3-4AD9-A310-42CF9C31BB9A}.Debug|x64.Build.0 = Debug|Any CPU
		{9FC2CD6E-48A3-4AD9-A310-42CF9C31BB9A}.Debug|x86.ActiveCfg = Debug|Any CPU
		{9FC2CD6E-48A3-4AD9-A310-42CF9C31BB9A}.Debug|x86.Build.0 = Debug|Any CPU
		{9FC2CD6E-48A3-4AD9-A310-42CF9C31BB9A}.Release|Any CPU.ActiveCfg = Release|Any CPU
		{9FC2CD6E-48A3-4AD9-A310-42CF9C31BB9A}.Release|Any CPU.Build.0 = Release|Any CPU
		{9FC2CD6E-48A3-4AD9-A310-42CF9C31BB9A}.Release|x64.ActiveCfg = Release|Any CPU
		{9FC2CD6E-48A3-4AD9-A310-42CF9C31BB9A}.Release|x64.Build.0 = Release|Any CPU
		{9FC2CD6E-48A3-4AD9-A310-42CF9C31BB9A}.Release|x86.ActiveCfg = Release|Any CPU
		{9FC2CD6E-48A3-4AD9-A310-42CF9C31BB9A}.Release|x86.Build.0 = Release|Any CPU
		{92053420-65A1-469D-AE50-E5FCB6665EC9}.Debug|Any CPU.ActiveCfg = Debug|Any CPU
		{92053420-65A1-469D-AE50-E5FCB6665EC9}.Debug|Any CPU.Build.0 = Debug|Any CPU
		{92053420-65A1-469D-AE50-E5FCB6665EC9}.Debug|x64.ActiveCfg = Debug|Any CPU
		{92053420-65A1-469D-AE50-E5FCB6665EC9}.Debug|x64.Build.0 = Debug|Any CPU
		{92053420-65A1-469D-AE50-E5FCB6665EC9}.Debug|x86.ActiveCfg = Debug|Any CPU
		{92053420-65A1-469D-AE50-E5FCB6665EC9}.Debug|x86.Build.0 = Debug|Any CPU
		{92053420-65A1-469D-AE50-E5FCB6665EC9}.Release|Any CPU.ActiveCfg = Release|Any CPU
		{92053420-65A1-469D-AE50-E5FCB6665EC9}.Release|Any CPU.Build.0 = Release|Any CPU
		{92053420-65A1-469D-AE50-E5FCB6665EC9}.Release|x64.ActiveCfg = Release|Any CPU
		{92053420-65A1-469D-AE50-E5FCB6665EC9}.Release|x64.Build.0 = Release|Any CPU
		{92053420-65A1-469D-AE50-E5FCB6665EC9}.Release|x86.ActiveCfg = Release|Any CPU
		{92053420-65A1-469D-AE50-E5FCB6665EC9}.Release|x86.Build.0 = Release|Any CPU
		{4385E249-41F6-48BE-A29A-583960E3DA14}.Debug|Any CPU.ActiveCfg = Debug|Any CPU
		{4385E249-41F6-48BE-A29A-583960E3DA14}.Debug|Any CPU.Build.0 = Debug|Any CPU
		{4385E249-41F6-48BE-A29A-583960E3DA14}.Debug|x64.ActiveCfg = Debug|Any CPU
		{4385E249-41F6-48BE-A29A-583960E3DA14}.Debug|x64.Build.0 = Debug|Any CPU
		{4385E249-41F6-48BE-A29A-583960E3DA14}.Debug|x86.ActiveCfg = Debug|Any CPU
		{4385E249-41F6-48BE-A29A-583960E3DA14}.Debug|x86.Build.0 = Debug|Any CPU
		{4385E249-41F6-48BE-A29A-583960E3DA14}.Release|Any CPU.ActiveCfg = Release|Any CPU
		{4385E249-41F6-48BE-A29A-583960E3DA14}.Release|Any CPU.Build.0 = Release|Any CPU
		{4385E249-41F6-48BE-A29A-583960E3DA14}.Release|x64.ActiveCfg = Release|Any CPU
		{4385E249-41F6-48BE-A29A-583960E3DA14}.Release|x64.Build.0 = Release|Any CPU
		{4385E249-41F6-48BE-A29A-583960E3DA14}.Release|x86.ActiveCfg = Release|Any CPU
		{4385E249-41F6-48BE-A29A-583960E3DA14}.Release|x86.Build.0 = Release|Any CPU
		{89774D76-5606-413F-BD50-CEA1778FA6F1}.Debug|Any CPU.ActiveCfg = Debug|Any CPU
		{89774D76-5606-413F-BD50-CEA1778FA6F1}.Debug|Any CPU.Build.0 = Debug|Any CPU
		{89774D76-5606-413F-BD50-CEA1778FA6F1}.Debug|x64.ActiveCfg = Debug|Any CPU
		{89774D76-5606-413F-BD50-CEA1778FA6F1}.Debug|x64.Build.0 = Debug|Any CPU
		{89774D76-5606-413F-BD50-CEA1778FA6F1}.Debug|x86.ActiveCfg = Debug|Any CPU
		{89774D76-5606-413F-BD50-CEA1778FA6F1}.Debug|x86.Build.0 = Debug|Any CPU
		{89774D76-5606-413F-BD50-CEA1778FA6F1}.Release|Any CPU.ActiveCfg = Release|Any CPU
		{89774D76-5606-413F-BD50-CEA1778FA6F1}.Release|Any CPU.Build.0 = Release|Any CPU
		{89774D76-5606-413F-BD50-CEA1778FA6F1}.Release|x64.ActiveCfg = Release|Any CPU
		{89774D76-5606-413F-BD50-CEA1778FA6F1}.Release|x64.Build.0 = Release|Any CPU
		{89774D76-5606-413F-BD50-CEA1778FA6F1}.Release|x86.ActiveCfg = Release|Any CPU
		{89774D76-5606-413F-BD50-CEA1778FA6F1}.Release|x86.Build.0 = Release|Any CPU
	EndGlobalSection
	GlobalSection(SolutionProperties) = preSolution
		HideSolutionNode = FALSE
	EndGlobalSection
	GlobalSection(NestedProjects) = preSolution
		{81034408-37C8-1011-444E-4C15C2FADA8E} = {827E0CD3-B72D-47B6-A68D-7590B98EB39B}
		{3D7B36FB-649F-4F46-A0FE-D0CFD63B3D2C} = {81034408-37C8-1011-444E-4C15C2FADA8E}
		{FA542AD0-3A86-4F0C-8246-8767238D9638} = {81034408-37C8-1011-444E-4C15C2FADA8E}
		{9FC2CD6E-48A3-4AD9-A310-42CF9C31BB9A} = {81034408-37C8-1011-444E-4C15C2FADA8E}
		{92053420-65A1-469D-AE50-E5FCB6665EC9} = {81034408-37C8-1011-444E-4C15C2FADA8E}
		{4385E249-41F6-48BE-A29A-583960E3DA14} = {0AB3BF05-4346-4AA6-1389-037BE0695223}
		{89774D76-5606-413F-BD50-CEA1778FA6F1} = {0AB3BF05-4346-4AA6-1389-037BE0695223}
	EndGlobalSection
EndGlobal
